<?xml version="1.0" encoding="utf-8"?>
<Project ToolsVersion="4.0" xmlns="http://schemas.microsoft.com/developer/msbuild/2003">
  <ItemGroup>
    <Filter Include="win32">
      <UniqueIdentifier>{84a8ebd7-7cf0-47f6-b75e-d441df67da40}</UniqueIdentifier>
    </Filter>
    <Filter Include="Classes">
      <UniqueIdentifier>{bb6c862e-70e9-49d9-81b7-3829a6f50471}</UniqueIdentifier>
    </Filter>
    <Filter Include="resource">
      <UniqueIdentifier>{715254bc-d70b-4ec5-bf29-467dd3ace079}</UniqueIdentifier>
    </Filter>
    <Filter Include="Classes\cpp">
      <UniqueIdentifier>{1c92635e-7a29-4b12-9736-50c344789a8f}</UniqueIdentifier>
    </Filter>
    <Filter Include="Classes\h">
      <UniqueIdentifier>{b0c51bea-594c-4b45-8bfe-4bddaa4cfb76}</UniqueIdentifier>
    </Filter>
    <Filter Include="Classes\cpp\Scene">
      <UniqueIdentifier>{44628c3b-0a88-4896-91d7-2ee2a016d1fd}</UniqueIdentifier>
    </Filter>
    <Filter Include="Classes\h\Scene">
      <UniqueIdentifier>{ff2d7665-bac0-42c4-a40a-8f615160afa1}</UniqueIdentifier>
    </Filter>
  </ItemGroup>
  <ItemGroup>
    <ClCompile Include="main.cpp">
      <Filter>win32</Filter>
    </ClCompile>
    <ClCompile Include="..\Classes\AppDelegate.cpp">
      <Filter>Classes\cpp</Filter>
    </ClCompile>
    <ClCompile Include="..\Classes\EndingScene.cpp">
      <Filter>Classes\cpp\Scene</Filter>
    </ClCompile>
    <ClCompile Include="..\Classes\MainScene.cpp">
      <Filter>Classes\cpp\Scene</Filter>
    </ClCompile>
    <ClCompile Include="..\Classes\TitleScene.cpp">
      <Filter>Classes\cpp\Scene</Filter>
    </ClCompile>
    <ClCompile Include="..\Classes\GameLayer.cpp">
      <Filter>Classes\cpp</Filter>
    </ClCompile>
  </ItemGroup>
  <ItemGroup>
    <ClInclude Include="main.h">
      <Filter>win32</Filter>
    </ClInclude>
    <ClInclude Include="..\Classes\AppDelegate.h">
      <Filter>Classes\h</Filter>
    </ClInclude>
    <ClInclude Include="..\Classes\EndingScene.h">
      <Filter>Classes\h\Scene</Filter>
    </ClInclude>
    <ClInclude Include="..\Classes\MainScene.h">
      <Filter>Classes\h\Scene</Filter>
    </ClInclude>
    <ClInclude Include="..\Classes\TitleScene.h">
      <Filter>Classes\h\Scene</Filter>
    </ClInclude>
    <ClInclude Include="..\Classes\GameLayer.h">
      <Filter>Classes\h</Filter>
    </ClInclude>
  </ItemGroup>
  <ItemGroup>
    <ResourceCompile Include="game.rc">
      <Filter>resource</Filter>
    </ResourceCompile>
  </ItemGroup>
</Project>